
Microsoft Visual Studio Solution File, Format Version 12.00
# Visual Studio Version 17
VisualStudioVersion = 17.14.37628.2
MinimumVisualStudioVersion = 10.0.40219.1
Project("{2150E333-8FDC-42A3-9474-1A3956D46DE8}") = "src", "src", "{02EA681E-C7D8-13C7-8484-4AC65E1B71E8}"
EndProject
Project("{FAE04EC0-301F-11D3-BF4B-00C04F79EFBC}") = "CulinaryBlog.Domain", "src\CulinaryBlog.Domain\CulinaryBlog.Domain.csproj", "{5349B708-9194-4528-B0AD-27F19DDC88D7}"
EndProject
Project("{FAE04EC0-301F-11D3-BF4B-00C04F79EFBC}") = "CulinaryBlog.Application", "src\CulinaryBlog.Application\CulinaryBlog.Application.csproj", "{780BB5A3-1D28-43DA-9EAB-7919E0FA239A}"
EndProject
Project("{FAE04EC0-301F-11D3-BF4B-00C04F79EFBC}") = "CulinaryBlog.API", "src\CulinaryBlog.API\CulinaryBlog.API.csproj", "{0CF1EB7A-9073-4164-86C9-C1D9C6D36534}"
EndProject
Project("{FAE04EC0-301F-11D3-BF4B-00C04F79EFBC}") = "CulinaryBlog.Infrastructure", "src\CulinaryBlog.Infrastructure\CulinaryBlog.Infrastructure.csproj", "{9E47C31B-382A-4ED3-866B-ED4C672DAC36}"
EndProject
Global
	GlobalSection(SolutionConfigurationPlatforms) = preSolution
		Debug|Any CPU = Debug|Any CPU
		Debug|x64 = Debug|x64
		Debug|x86 = Debug|x86
		Release|Any CPU = Release|Any CPU
		Release|x64 = Release|x64
		Release|x86 = Release|x86
	EndGlobalSection
	GlobalSection(ProjectConfigurationPlatforms) = postSolution
		{5349B708-9194-4528-B0AD-27F19DDC88D7}.Debug|Any CPU.ActiveCfg = Debug|Any CPU
		{5349B708-9194-4528-B0AD-27F19DDC88D7}.Debug|Any CPU.Build.0 = Debug|Any CPU
		{5349B708-9194-4528-B0AD-27F19DDC88D7}.Debug|x64.ActiveCfg = Debug|Any CPU
		{5349B708-9194-4528-B0AD-27F19DDC88D7}.Debug|x64.Build.0 = Debug|Any CPU
		{5349B708-9194-4528-B0AD-27F19DDC88D7}.Debug|x86.ActiveCfg = Debug|Any CPU
		{5349B708-9194-4528-B0AD-27F19DDC88D7}.Debug|x86.Build.0 = Debug|Any CPU
		{5349B708-9194-4528-B0AD-27F19DDC88D7}.Release|Any CPU.ActiveCfg = Release|Any CPU
		{5349B708-9194-4528-B0AD-27F19DDC88D7}.Release|Any CPU.Build.0 = Release|Any CPU
		{5349B708-9194-4528-B0AD-27F19DDC88D7}.Release|x64.ActiveCfg = Release|Any CPU
		{5349B708-9194-4528-B0AD-27F19DDC88D7}.Release|x64.Build.0 = Release|Any CPU
		{5349B708-9194-4528-B0AD-27F19DDC88D7}.Release|x86.ActiveCfg = Release|Any CPU
		{5349B708-9194-4528-B0AD-27F19DDC88D7}.Release|x86.Build.0 = Release|Any CPU
		{780BB5A3-1D28-43DA-9EAB-7919E0FA239A}.Debug|Any CPU.ActiveCfg = Debug|Any CPU
		{780BB5A3-1D28-43DA-9EAB-7919E0FA239A}.Debug|Any CPU.Build.0 = Debug|Any CPU
		{780BB5A3-1D28-43DA-9EAB-7919E0FA239A}.Debug|x64.ActiveCfg = Debug|Any CPU
		{780BB5A3-1D28-43DA-9EAB-7919E0FA239A}.Debug|x64.Build.0 = Debug|Any CPU
		{780BB5A3-1D28-43DA-9EAB-7919E0FA239A}.Debug|x86.ActiveCfg = Debug|Any CPU
		{780BB5A3-1D28-43DA-9EAB-7919E0FA239A}.Debug|x86.Build.0 = Debug|Any CPU
		{780BB5A3-1D28-43DA-9EAB-7919E0FA239A}.Release|Any CPU.ActiveCfg = Release|Any CPU
		{780BB5A3-1D28-43DA-9EAB-7919E0FA239A}.Release|Any CPU.Build.0 = Release|Any CPU
		{780BB5A3-1D28-43DA-9EAB-7919E0FA239A}.Release|x64.ActiveCfg = Release|Any CPU
		{780BB5A3-1D28-43DA-9EAB-7919E0FA239A}.Release|x64.Build.0 = Release|Any CPU
		{780BB5A3-1D28-43DA-9EAB-7919E0FA239A}.Release|x86.ActiveCfg = Release|Any CPU
		{780BB5A3-1D28-43DA-9EAB-7919E0FA239A}.Release|x86.Build.0 = Release|Any CPU
		{0CF1EB7A-9073-4164-86C9-C1D9C6D36534}.Debug|Any CPU.ActiveCfg = Debug|Any CPU
		{0CF1EB7A-9073-4164-86C9-C1D9C6D36534}.Debug|Any CPU.Build.0 = Debug|Any CPU
		{0CF1EB7A-9073-4164-86C9-C1D9C6D36534}.Debug|x64.ActiveCfg = Debug|Any CPU
		{0CF1EB7A-9073-4164-86C9-C1D9C6D36534}.Debug|x64.Build.0 = Debug|Any CPU
		{0CF1EB7A-9073-4164-86C9-C1D9C6D36534}.Debug|x86.ActiveCfg = Debug|Any CPU
		{0CF1EB7A-9073-4164-86C9-C1D9C6D36534}.Debug|x86.Build.0 = Debug|Any CPU
		{0CF1EB7A-9073-4164-86C9-C1D9C6D36534}.Release|Any CPU.ActiveCfg = Release|Any CPU
		{0CF1EB7A-9073-4164-86C9-C1D9C6D36534}.Release|Any CPU.Build.0 = Release|Any CPU
		{0CF1EB7A-9073-4164-86C9-C1D9C6D36534}.Release|x64.ActiveCfg = Release|Any CPU
		{0CF1EB7A-9073-4164-86C9-C1D9C6D36534}.Release|x64.Build.0 = Release|Any CPU
		{0CF1EB7A-9073-4164-86C9-C1D9C6D36534}.Release|x86.ActiveCfg = Release|Any CPU
		{0CF1EB7A-9073-4164-86C9-C1D9C6D36534}.Release|x86.Build.0 = Release|Any CPU
		{9E47C31B-382A-4ED3-866B-ED4C672DAC36}.Debug|Any CPU.ActiveCfg = Debug|Any CPU
		{9E47C31B-382A-4ED3-866B-ED4C672DAC36}.Debug|Any CPU.Build.0 = Debug|Any CPU
		{9E47C31B-382A-4ED3-866B-ED4C672DAC36}.Debug|x64.ActiveCfg = Debug|Any CPU
		{9E47C31B-382A-4ED3-866B-ED4C672DAC36}.Debug|x64.Build.0 = Debug|Any CPU
		{9E47C31B-382A-4ED3-866B-ED4C672DAC36}.Debug|x86.ActiveCfg = Debug|Any CPU
		{9E47C31B-382A-4ED3-866B-ED4C672DAC36}.Debug|x86.Build.0 = Debug|Any CPU
		{9E47C31B-382A-4ED3-866B-ED4C672DAC36}.Release|Any CPU.ActiveCfg = Release|Any CPU
		{9E47C31B-382A-4ED3-866B-ED4C672DAC36}.Release|Any CPU.Build.0 = Release|Any CPU
		{9E47C31B-382A-4ED3-866B-ED4C672DAC36}.Release|x64.ActiveCfg = Release|Any CPU
		{9E47C31B-382A-4ED3-866B-ED4C672DAC36}.Release|x64.Build.0 = Release|Any CPU
		{9E47C31B-382A-4ED3-866B-ED4C672DAC36}.Release|x86.ActiveCfg = Release|Any CPU
		{9E47C31B-382A-4ED3-866B-ED4C672DAC36}.Release|x86.Build.0 = Release|Any CPU
	EndGlobalSection
	GlobalSection(SolutionProperties) = preSolution
		HideSolutionNode = FALSE
	EndGlobalSection
	GlobalSection(NestedProjects) = preSolution
		{5349B708-9194-4528-B0AD-27F19DDC88D7} = {02EA681E-C7D8-13C7-8484-4AC65E1B71E8}
		{780BB5A3-1D28-43DA-9EAB-7919E0FA239A} = {02EA681E-C7D8-13C7-8484-4AC65E1B71E8}
		{0CF1EB7A-9073-4164-86C9-C1D9C6D36534} = {02EA681E-C7D8-13C7-8484-4AC65E1B71E8}
		{9E47C31B-382A-4ED3-866B-ED4C672DAC36} = {02EA681E-C7D8-13C7-8484-4AC65E1B71E8}
	EndGlobalSection
	GlobalSection(ExtensibilityGlobals) = postSolution
		SolutionGuid = {5BC685A5-EA24-4B85-8642-0BB1B4BCD8B0}
	EndGlobalSection
EndGlobal
